// !$*UTF8*$!
{
	archiveVersion = 1;
	classes = {
	};
	objectVersion = 50;
	objects = {

/* Begin PBXBuildFile section */
		250D1534266049D4007148B1 /* Briar Sleepy.mp4 in Resources */ = {isa = PBXBuildFile; fileRef = 250D1533266049D4007148B1 /* Briar Sleepy.mp4 */; };
		250D154D26604BD4007148B1 /* Brair Safari Ride.mp4 in Resources */ = {isa = PBXBuildFile; fileRef = 250D153526604BD2007148B1 /* Brair Safari Ride.mp4 */; };
		250D154E26604BD4007148B1 /* Braxton Laughing.mp4 in Resources */ = {isa = PBXBuildFile; fileRef = 250D153626604BD2007148B1 /* Braxton Laughing.mp4 */; };
		250D154F26604BD4007148B1 /* Briar Drive Car.mp4 in Resources */ = {isa = PBXBuildFile; fileRef = 250D153726604BD2007148B1 /* Briar Drive Car.mp4 */; };
		250D155026604BD4007148B1 /* Briar Dinosaur Ride Dance 1.mp4 in Resources */ = {isa = PBXBuildFile; fileRef = 250D153826604BD2007148B1 /* Briar Dinosaur Ride Dance 1.mp4 */; };
		250D155126604BD4007148B1 /* Giraffe_.mp4 in Resources */ = {isa = PBXBuildFile; fileRef = 250D153926604BD2007148B1 /* Giraffe_.mp4 */; };
		250D155226604BD4007148B1 /* Briar Ducks 2.mp4 in Resources */ = {isa = PBXBuildFile; fileRef = 250D153A26604BD2007148B1 /* Briar Ducks 2.mp4 */; };
		250D155326604BD4007148B1 /* Briar Hotel Room.mp4 in Resources */ = {isa = PBXBuildFile; fileRef = 250D153B26604BD2007148B1 /* Briar Hotel Room.mp4 */; };
		250D155426604BD4007148B1 /* Lilly Painting Cup.mp4 in Resources */ = {isa = PBXBuildFile; fileRef = 250D153C26604BD2007148B1 /* Lilly Painting Cup.mp4 */; };
		250D155526604BD4007148B1 /* Lilly Beast Dinner.mp4 in Resources */ = {isa = PBXBuildFile; fileRef = 250D153D26604BD2007148B1 /* Lilly Beast Dinner.mp4 */; };
		250D155626604BD4007148B1 /* Briar Parade.mp4 in Resources */ = {isa = PBXBuildFile; fileRef = 250D153E26604BD2007148B1 /* Briar Parade.mp4 */; };
		250D155726604BD4007148B1 /* Frozen Play.mp4 in Resources */ = {isa = PBXBuildFile; fileRef = 250D153F26604BD3007148B1 /* Frozen Play.mp4 */; };
		250D155826604BD4007148B1 /* Sleepy Briar 2.mp4 in Resources */ = {isa = PBXBuildFile; fileRef = 250D154026604BD3007148B1 /* Sleepy Briar 2.mp4 */; };
		250D155926604BD4007148B1 /* Braxton Safari Ride.mp4 in Resources */ = {isa = PBXBuildFile; fileRef = 250D154126604BD3007148B1 /* Braxton Safari Ride.mp4 */; };
		250D155A26604BD4007148B1 /* Briar Dinosaur Ride.mp4 in Resources */ = {isa = PBXBuildFile; fileRef = 250D154226604BD3007148B1 /* Briar Dinosaur Ride.mp4 */; };
		250D155B26604BD4007148B1 /* Briar Fish Tank.mp4 in Resources */ = {isa = PBXBuildFile; fileRef = 250D154326604BD3007148B1 /* Briar Fish Tank.mp4 */; };
		250D155C26604BD4007148B1 /* Briar Dinosaur Ride 2.mp4 in Resources */ = {isa = PBXBuildFile; fileRef = 250D154426604BD3007148B1 /* Briar Dinosaur Ride 2.mp4 */; };
		250D155D26604BD4007148B1 /* Big Monkey.mp4 in Resources */ = {isa = PBXBuildFile; fileRef = 250D154526604BD3007148B1 /* Big Monkey.mp4 */; };
		250D155E26604BD4007148B1 /* Flutter.mp4 in Resources */ = {isa = PBXBuildFile; fileRef = 250D154626604BD3007148B1 /* Flutter.mp4 */; };
		250D155F26604BD4007148B1 /* Briar Break Toy Car.mp4 in Resources */ = {isa = PBXBuildFile; fileRef = 250D154726604BD3007148B1 /* Briar Break Toy Car.mp4 */; };
		250D156026604BD4007148B1 /* Lilly_Briar Bubbles.mp4 in Resources */ = {isa = PBXBuildFile; fileRef = 250D154826604BD3007148B1 /* Lilly_Briar Bubbles.mp4 */; };
		250D156126604BD4007148B1 /* Weird 1.mp4 in Resources */ = {isa = PBXBuildFile; fileRef = 250D154926604BD3007148B1 /* Weird 1.mp4 */; };
		250D156226604BD4007148B1 /* Weird 2.mp4 in Resources */ = {isa = PBXBuildFile; fileRef = 250D154A26604BD3007148B1 /* Weird 2.mp4 */; };
		250D156326604BD4007148B1 /* Jennifer Feed Bird.mp4 in Resources */ = {isa = PBXBuildFile; fileRef = 250D154B26604BD4007148B1 /* Jennifer Feed Bird.mp4 */; };
		250D156426604BD4007148B1 /* Safari Rhinoceros.mp4 in Resources */ = {isa = PBXBuildFile; fileRef = 250D154C26604BD4007148B1 /* Safari Rhinoceros.mp4 */; };
		250E0A21265DBA61001646C8 /* AppDelegate.swift in Sources */ = {isa = PBXBuildFile; fileRef = 250E0A20265DBA61001646C8 /* AppDelegate.swift */; };
		250E0A23265DBA61001646C8 /* art.scnassets in Resources */ = {isa = PBXBuildFile; fileRef = 250E0A22265DBA61001646C8 /* art.scnassets */; };
		250E0A25265DBA61001646C8 /* ViewController.swift in Sources */ = {isa = PBXBuildFile; fileRef = 250E0A24265DBA61001646C8 /* ViewController.swift */; };
		250E0A28265DBA61001646C8 /* Main.storyboard in Resources */ = {isa = PBXBuildFile; fileRef = 250E0A26265DBA61001646C8 /* Main.storyboard */; };
		250E0A2A265DBA63001646C8 /* Assets.xcassets in Resources */ = {isa = PBXBuildFile; fileRef = 250E0A29265DBA63001646C8 /* Assets.xcassets */; };
		250E0A2D265DBA63001646C8 /* LaunchScreen.storyboard in Resources */ = {isa = PBXBuildFile; fileRef = 250E0A2B265DBA63001646C8 /* LaunchScreen.storyboard */; };
		2517269A265F4D9500663892 /* Briar Ducks 1.mp4 in Resources */ = {isa = PBXBuildFile; fileRef = 25172699265F4D9500663892 /* Briar Ducks 1.mp4 */; };
		25359956265FDBE80013ADD0 /* Little Mermaid Ride.mp4 in Resources */ = {isa = PBXBuildFile; fileRef = 25359955265FDBE80013ADD0 /* Little Mermaid Ride.mp4 */; };
/* End PBXBuildFile section */

/* Begin PBXFileReference section */
		250D1533266049D4007148B1 /* Briar Sleepy.mp4 */ = {isa = PBXFileReference; lastKnownFileType = file; path = "Briar Sleepy.mp4"; sourceTree = "<group>"; };
		250D153526604BD2007148B1 /* Brair Safari Ride.mp4 */ = {isa = PBXFileReference; lastKnownFileType = file; path = "Brair Safari Ride.mp4"; sourceTree = "<group>"; };
		250D153626604BD2007148B1 /* Braxton Laughing.mp4 */ = {isa = PBXFileReference; lastKnownFileType = file; path = "Braxton Laughing.mp4"; sourceTree = "<group>"; };
		250D153726604BD2007148B1 /* Briar Drive Car.mp4 */ = {isa = PBXFileReference; lastKnownFileType = file; path = "Briar Drive Car.mp4"; sourceTree = "<group>"; };
		250D153826604BD2007148B1 /* Briar Dinosaur Ride Dance 1.mp4 */ = {isa = PBXFileReference; lastKnownFileType = file; path = "Briar Dinosaur Ride Dance 1.mp4"; sourceTree = "<group>"; };
		250D153926604BD2007148B1 /* Giraffe_.mp4 */ = {isa = PBXFileReference; lastKnownFileType = file; path = Giraffe_.mp4; sourceTree = "<group>"; };
		250D153A26604BD2007148B1 /* Briar Ducks 2.mp4 */ = {isa = PBXFileReference; lastKnownFileType = file; path = "Briar Ducks 2.mp4"; sourceTree = "<group>"; };
		250D153B26604BD2007148B1 /* Briar Hotel Room.mp4 */ = {isa = PBXFileReference; lastKnownFileType = file; path = "Briar Hotel Room.mp4"; sourceTree = "<group>"; };
		250D153C26604BD2007148B1 /* Lilly Painting Cup.mp4 */ = {isa = PBXFileReference; lastKnownFileType = file; path = "Lilly Painting Cup.mp4"; sourceTree = "<group>"; };
		250D153D26604BD2007148B1 /* Lilly Beast Dinner.mp4 */ = {isa = PBXFileReference; lastKnownFileType = file; path = "Lilly Beast Dinner.mp4"; sourceTree = "<group>"; };
		250D153E26604BD2007148B1 /* Briar Parade.mp4 */ = {isa = PBXFileReference; lastKnownFileType = file; path = "Briar Parade.mp4"; sourceTree = "<group>"; };
		250D153F26604BD3007148B1 /* Frozen Play.mp4 */ = {isa = PBXFileReference; lastKnownFileType = file; path = "Frozen Play.mp4"; sourceTree = "<group>"; };
		250D154026604BD3007148B1 /* Sleepy Briar 2.mp4 */ = {isa = PBXFileReference; lastKnownFileType = file; path = "Sleepy Briar 2.mp4"; sourceTree = "<group>"; };
		250D154126604BD3007148B1 /* Braxton Safari Ride.mp4 */ = {isa = PBXFileReference; lastKnownFileType = file; path = "Braxton Safari Ride.mp4"; sourceTree = "<group>"; };
		250D154226604BD3007148B1 /* Briar Dinosaur Ride.mp4 */ = {isa = PBXFileReference; lastKnownFileType = file; path = "Briar Dinosaur Ride.mp4"; sourceTree = "<group>"; };
		250D154326604BD3007148B1 /* Briar Fish Tank.mp4 */ = {isa = PBXFileReference; lastKnownFileType = file; path = "Briar Fish Tank.mp4"; sourceTree = "<group>"; };
		250D154426604BD3007148B1 /* Briar Dinosaur Ride 2.mp4 */ = {isa = PBXFileReference; lastKnownFileType = file; path = "Briar Dinosaur Ride 2.mp4"; sourceTree = "<group>"; };
		250D154526604BD3007148B1 /* Big Monkey.mp4 */ = {isa = PBXFileReference; lastKnownFileType = file; path = "Big Monkey.mp4"; sourceTree = "<group>"; };
		250D154626604BD3007148B1 /* Flutter.mp4 */ = {isa = PBXFileReference; lastKnownFileType = file; path = Flutter.mp4; sourceTree = "<group>"; };
		250D154726604BD3007148B1 /* Briar Break Toy Car.mp4 */ = {isa = PBXFileReference; lastKnownFileType = file; path = "Briar Break Toy Car.mp4"; sourceTree = "<group>"; };
		250D154826604BD3007148B1 /* Lilly_Briar Bubbles.mp4 */ = {isa = PBXFileReference; lastKnownFileType = file; path = "Lilly_Briar Bubbles.mp4"; sourceTree = "<group>"; };
		250D154926604BD3007148B1 /* Weird 1.mp4 */ = {isa = PBXFileReference; lastKnownFileType = file; path = "Weird 1.mp4"; sourceTree = "<group>"; };
		250D154A26604BD3007148B1 /* Weird 2.mp4 */ = {isa = PBXFileReference; lastKnownFileType = file; path = "Weird 2.mp4"; sourceTree = "<group>"; };
		250D154B26604BD4007148B1 /* Jennifer Feed Bird.mp4 */ = {isa = PBXFileReference; lastKnownFileType = file; path = "Jennifer Feed Bird.mp4"; sourceTree = "<group>"; };
		250D154C26604BD4007148B1 /* Safari Rhinoceros.mp4 */ = {isa = PBXFileReference; lastKnownFileType = file; path = "Safari Rhinoceros.mp4"; sourceTree = "<group>"; };
		250E0A1D265DBA61001646C8 /* Mommas Babies.app */ = {isa = PBXFileReference; explicitFileType = wrapper.application; includeInIndex = 0; path = "Mommas Babies.app"; sourceTree = BUILT_PRODUCTS_DIR; };
		250E0A20265DBA61001646C8 /* AppDelegate.swift */ = {isa = PBXFileReference; lastKnownFileType = sourcecode.swift; path = AppDelegate.swift; sourceTree = "<group>"; };
		250E0A22265DBA61001646C8 /* art.scnassets */ = {isa = PBXFileReference; lastKnownFileType = wrapper.scnassets; path = art.scnassets; sourceTree = "<group>"; };
		250E0A24265DBA61001646C8 /* ViewController.swift */ = {isa = PBXFileReference; lastKnownFileType = sourcecode.swift; path = ViewController.swift; sourceTree = "<group>"; };
		250E0A27265DBA61001646C8 /* Base */ = {isa = PBXFileReference; lastKnownFileType = file.storyboard; name = Base; path = Base.lproj/Main.storyboard; sourceTree = "<group>"; };
		250E0A29265DBA63001646C8 /* Assets.xcassets */ = {isa = PBXFileReference; lastKnownFileType = folder.assetcatalog; path = Assets.xcassets; sourceTree = "<group>"; };
		250E0A2C265DBA63001646C8 /* Base */ = {isa = PBXFileReference; lastKnownFileType = file.storyboard; name = Base; path = Base.lproj/LaunchScreen.storyboard; sourceTree = "<group>"; };
		250E0A2E265DBA63001646C8 /* Info.plist */ = {isa = PBXFileReference; lastKnownFileType = text.plist.xml; path = Info.plist; sourceTree = "<group>"; };
		25172699265F4D9500663892 /* Briar Ducks 1.mp4 */ = {isa = PBXFileReference; lastKnownFileType = file; path = "Briar Ducks 1.mp4"; sourceTree = "<group>"; };
		25359955265FDBE80013ADD0 /* Little Mermaid Ride.mp4 */ = {isa = PBXFileReference; lastKnownFileType = file; path = "Little Mermaid Ride.mp4"; sourceTree = "<group>"; };
/* End PBXFileReference section */

/* Begin PBXFrameworksBuildPhase section */
		250E0A1A265DBA61001646C8 /* Frameworks */ = {
			isa = PBXFrameworksBuildPhase;
			buildActionMask = 2147483647;
			files = (
			);
			runOnlyForDeploymentPostprocessing = 0;
		};
/* End PBXFrameworksBuildPhase section */

/* Begin PBXGroup section */
		250E0A14265DBA61001646C8 = {
			isa = PBXGroup;
			children = (
				250E0A1F265DBA61001646C8 /* Mommas Babies */,
				250E0A1E265DBA61001646C8 /* Products */,
			);
			sourceTree = "<group>";
		};
		250E0A1E265DBA61001646C8 /* Products */ = {
			isa = PBXGroup;
			children = (
				250E0A1D265DBA61001646C8 /* Mommas Babies.app */,
			);
			name = Products;
			sourceTree = "<group>";
		};
		250E0A1F265DBA61001646C8 /* Mommas Babies */ = {
			isa = PBXGroup;
			children = (
				250E0A20265DBA61001646C8 /* AppDelegate.swift */,
				250E0A24265DBA61001646C8 /* ViewController.swift */,
				250E0A26265DBA61001646C8 /* Main.storyboard */,
				250E0A22265DBA61001646C8 /* art.scnassets */,
				250E0A29265DBA63001646C8 /* Assets.xcassets */,
				250E0A34265DBADB001646C8 /* BabyVideos */,
				250E0A2B265DBA63001646C8 /* LaunchScreen.storyboard */,
				250E0A2E265DBA63001646C8 /* Info.plist */,
			);
			path = "Mommas Babies";
			sourceTree = "<group>";
		};
		250E0A34265DBADB001646C8 /* BabyVideos */ = {
			isa = PBXGroup;
			children = (
				250D154526604BD3007148B1 /* Big Monkey.mp4 */,
				250D153526604BD2007148B1 /* Brair Safari Ride.mp4 */,
				250D153626604BD2007148B1 /* Braxton Laughing.mp4 */,
				250D154126604BD3007148B1 /* Braxton Safari Ride.mp4 */,
				250D154726604BD3007148B1 /* Briar Break Toy Car.mp4 */,
				250D154426604BD3007148B1 /* Briar Dinosaur Ride 2.mp4 */,
				250D153826604BD2007148B1 /* Briar Dinosaur Ride Dance 1.mp4 */,
				250D154226604BD3007148B1 /* Briar Dinosaur Ride.mp4 */,
				250D153726604BD2007148B1 /* Briar Drive Car.mp4 */,
				250D153A26604BD2007148B1 /* Briar Ducks 2.mp4 */,
				250D154326604BD3007148B1 /* Briar Fish Tank.mp4 */,
				250D153B26604BD2007148B1 /* Briar Hotel Room.mp4 */,
				250D153E26604BD2007148B1 /* Briar Parade.mp4 */,
				250D154626604BD3007148B1 /* Flutter.mp4 */,
				250D153F26604BD3007148B1 /* Frozen Play.mp4 */,
				250D153926604BD2007148B1 /* Giraffe_.mp4 */,
				250D154B26604BD4007148B1 /* Jennifer Feed Bird.mp4 */,
				250D153D26604BD2007148B1 /* Lilly Beast Dinner.mp4 */,
				250D153C26604BD2007148B1 /* Lilly Painting Cup.mp4 */,
				250D154826604BD3007148B1 /* Lilly_Briar Bubbles.mp4 */,
				250D154C26604BD4007148B1 /* Safari Rhinoceros.mp4 */,
				250D154026604BD3007148B1 /* Sleepy Briar 2.mp4 */,
				250D154926604BD3007148B1 /* Weird 1.mp4 */,
				250D154A26604BD3007148B1 /* Weird 2.mp4 */,
				250D1533266049D4007148B1 /* Briar Sleepy.mp4 */,
				25172699265F4D9500663892 /* Briar Ducks 1.mp4 */,
				25359955265FDBE80013ADD0 /* Little Mermaid Ride.mp4 */,
			);
			path = BabyVideos;
			sourceTree = "<group>";
		};
/* End PBXGroup section */

/* Begin PBXNativeTarget section */
		250E0A1C265DBA61001646C8 /* Mommas Babies */ = {
			isa = PBXNativeTarget;
			buildConfigurationList = 250E0A31265DBA63001646C8 /* Build configuration list for PBXNativeTarget "Mommas Babies" */;
			buildPhases = (
				250E0A19265DBA61001646C8 /* Sources */,
				250E0A1A265DBA61001646C8 /* Frameworks */,
				250E0A1B265DBA61001646C8 /* Resources */,
			);
			buildRules = (
			);
			dependencies = (
			);
			name = "Mommas Babies";
			productName = "Mommas Babies";
			productReference = 250E0A1D265DBA61001646C8 /* Mommas Babies.app */;
			productType = "com.apple.product-type.application";
		};
/* End PBXNativeTarget section */

/* Begin PBXProject section */
		250E0A15265DBA61001646C8 /* Project object */ = {
			isa = PBXProject;
			attributes = {
				LastSwiftUpdateCheck = 1250;
				LastUpgradeCheck = 1250;
				TargetAttributes = {
					250E0A1C265DBA61001646C8 = {
						CreatedOnToolsVersion = 12.5;
					};
				};
			};
			buildConfigurationList = 250E0A18265DBA61001646C8 /* Build configuration list for PBXProject "Mommas Babies" */;
			compatibilityVersion = "Xcode 9.3";
			developmentRegion = en;
			hasScannedForEncodings = 0;
			knownRegions = (
				en,
				Base,
			);
			mainGroup = 250E0A14265DBA61001646C8;
			productRefGroup = 250E0A1E265DBA61001646C8 /* Products */;
			projectDirPath = "";
			projectRoot = "";
			targets = (
				250E0A1C265DBA61001646C8 /* Mommas Babies */,
			);
		};
/* End PBXProject section */

/* Begin PBXResourcesBuildPhase section */
		250E0A1B265DBA61001646C8 /* Resources */ = {
			isa = PBXResourcesBuildPhase;
			buildActionMask = 2147483647;
			files = (
				250D155626604BD4007148B1 /* Briar Parade.mp4 in Resources */,
				250D154E26604BD4007148B1 /* Braxton Laughing.mp4 in Resources */,
				250E0A23265DBA61001646C8 /* art.scnassets in Resources */,
				250D154F26604BD4007148B1 /* Briar Drive Car.mp4 in Resources */,
				250D155B26604BD4007148B1 /* Briar Fish Tank.mp4 in Resources */,
				25359956265FDBE80013ADD0 /* Little Mermaid Ride.mp4 in Resources */,
				250D1534266049D4007148B1 /* Briar Sleepy.mp4 in Resources */,
				250E0A2D265DBA63001646C8 /* LaunchScreen.storyboard in Resources */,
				2517269A265F4D9500663892 /* Briar Ducks 1.mp4 in Resources */,
				250D155F26604BD4007148B1 /* Briar Break Toy Car.mp4 in Resources */,
				250D156126604BD4007148B1 /* Weird 1.mp4 in Resources */,
				250D155826604BD4007148B1 /* Sleepy Briar 2.mp4 in Resources */,
				250D155D26604BD4007148B1 /* Big Monkey.mp4 in Resources */,
				250E0A2A265DBA63001646C8 /* Assets.xcassets in Resources */,
				250D155426604BD4007148B1 /* Lilly Painting Cup.mp4 in Resources */,
				250D154D26604BD4007148B1 /* Brair Safari Ride.mp4 in Resources */,
				250D156026604BD4007148B1 /* Lilly_Briar Bubbles.mp4 in Resources */,
				250D155526604BD4007148B1 /* Lilly Beast Dinner.mp4 in Resources */,
				250D155C26604BD4007148B1 /* Briar Dinosaur Ride 2.mp4 in Resources */,
				250E0A28265DBA61001646C8 /* Main.storyboard in Resources */,
				250D155326604BD4007148B1 /* Briar Hotel Room.mp4 in Resources */,
				250D155A26604BD4007148B1 /* Briar Dinosaur Ride.mp4 in Resources */,
				250D156226604BD4007148B1 /* Weird 2.mp4 in Resources */,
				250D156326604BD4007148B1 /* Jennifer Feed Bird.mp4 in Resources */,
				250D155126604BD4007148B1 /* Giraffe_.mp4 in Resources */,
				250D156426604BD4007148B1 /* Safari Rhinoceros.mp4 in Resources */,
				250D155E26604BD4007148B1 /* Flutter.mp4 in Resources */,
				250D155026604BD4007148B1 /* Briar Dinosaur Ride Dance 1.mp4 in Resources */,
				250D155726604BD4007148B1 /* Frozen Play.mp4 in Resources */,
				250D155926604BD4007148B1 /* Braxton Safari Ride.mp4 in Resources */,
				250D155226604BD4007148B1 /* Briar Ducks 2.mp4 in Resources */,
			);
			runOnlyForDeploymentPostprocessing = 0;
		};
/* End PBXResourcesBuildPhase section */

/* Begin PBXSourcesBuildPhase section */
		250E0A19265DBA61001646C8 /* Sources */ = {
			isa = PBXSourcesBuildPhase;
			buildActionMask = 2147483647;
			files = (
				250E0A25265DBA61001646C8 /* ViewController.swift in Sources */,
				250E0A21265DBA61001646C8 /* AppDelegate.swift in Sources */,
			);
			runOnlyForDeploymentPostprocessing = 0;
		};
/* End PBXSourcesBuildPhase section */

/* Begin PBXVariantGroup section */
		250E0A26265DBA61001646C8 /* Main.storyboard */ = {
			isa = PBXVariantGroup;
			children = (
				250E0A27265DBA61001646C8 /* Base */,
			);
			name = Main.storyboard;
			sourceTree = "<group>";
		};
		250E0A2B265DBA63001646C8 /* LaunchScreen.storyboard */ = {
			isa = PBXVariantGroup;
			children = (
				250E0A2C265DBA63001646C8 /* Base */,
			);
			name = LaunchScreen.storyboard;
			sourceTree = "<group>";
		};
/* End PBXVariantGroup section */

/* Begin XCBuildConfiguration section */
		250E0A2F265DBA63001646C8 /* Debug */ = {
			isa = XCBuildConfiguration;
			buildSettings = {
				ALWAYS_SEARCH_USER_PATHS = NO;
				CLANG_ANALYZER_NONNULL = YES;
				CLANG_ANALYZER_NUMBER_OBJECT_CONVERSION = YES_AGGRESSIVE;
				CLANG_CXX_LANGUAGE_STANDARD = "gnu++14";
				CLANG_CXX_LIBRARY = "libc++";
				CLANG_ENABLE_MODULES = YES;
				CLANG_ENABLE_OBJC_ARC = YES;
				CLANG_ENABLE_OBJC_WEAK = YES;
				CLANG_WARN_BLOCK_CAPTURE_AUTORELEASING = YES;
				CLANG_WARN_BOOL_CONVERSION = YES;
				CLANG_WARN_COMMA = YES;
				CLANG_WARN_CONSTANT_CONVERSION = YES;
				CLANG_WARN_DEPRECATED_OBJC_IMPLEMENTATIONS = YES;
				CLANG_WARN_DIRECT_OBJC_ISA_USAGE = YES_ERROR;
				CLANG_WARN_DOCUMENTATION_COMMENTS = YES;
				CLANG_WARN_EMPTY_BODY = YES;
				CLANG_WARN_ENUM_CONVERSION = YES;
				CLANG_WARN_INFINITE_RECURSION = YES;
				CLANG_WARN_INT_CONVERSION = YES;
				CLANG_WARN_NON_LITERAL_NULL_CONVERSION = YES;
				CLANG_WARN_OBJC_IMPLICIT_RETAIN_SELF = YES;
				CLANG_WARN_OBJC_LITERAL_CONVERSION = YES;
				CLANG_WARN_OBJC_ROOT_CLASS = YES_ERROR;
				CLANG_WARN_QUOTED_INCLUDE_IN_FRAMEWORK_HEADER = YES;
				CLANG_WARN_RANGE_LOOP_ANALYSIS = YES;
				CLANG_WARN_STRICT_PROTOTYPES = YES;
				CLANG_WARN_SUSPICIOUS_MOVE = YES;
				CLANG_WARN_UNGUARDED_AVAILABILITY = YES_AGGRESSIVE;
				CLANG_WARN_UNREACHABLE_CODE = YES;
				CLANG_WARN__DUPLICATE_METHOD_MATCH = YES;
				COPY_PHASE_STRIP = NO;
				DEBUG_INFORMATION_FORMAT = dwarf;
				ENABLE_STRICT_OBJC_MSGSEND = YES;
				ENABLE_TESTABILITY = YES;
				GCC_C_LANGUAGE_STANDARD = gnu11;
				GCC_DYNAMIC_NO_PIC = NO;
				GCC_NO_COMMON_BLOCKS = YES;
				GCC_OPTIMIZATION_LEVEL = 0;
				GCC_PREPROCESSOR_DEFINITIONS = (
					"DEBUG=1",
					"$(inherited)",
				);
				GCC_WARN_64_TO_32_BIT_CONVERSION = YES;
				GCC_WARN_ABOUT_RETURN_TYPE = YES_ERROR;
				GCC_WARN_UNDECLARED_SELECTOR = YES;
				GCC_WARN_UNINITIALIZED_AUTOS = YES_AGGRESSIVE;
				GCC_WARN_UNUSED_FUNCTION = YES;
				GCC_WARN_UNUSED_VARIABLE = YES;
				IPHONEOS_DEPLOYMENT_TARGET = 14.5;
				MTL_ENABLE_DEBUG_INFO = INCLUDE_SOURCE;
				MTL_FAST_MATH = YES;
				ONLY_ACTIVE_ARCH = YES;
				SDKROOT = iphoneos;
				SWIFT_ACTIVE_COMPILATION_CONDITIONS = DEBUG;
				SWIFT_OPTIMIZATION_LEVEL = "-Onone";
			};
			name = Debug;
		};
		250E0A30265DBA63001646C8 /* Release */ = {
			isa = XCBuildConfiguration;
			buildSettings = {
				ALWAYS_SEARCH_USER_PATHS = NO;
				CLANG_ANALYZER_NONNULL = YES;
				CLANG_ANALYZER_NUMBER_OBJECT_CONVERSION = YES_AGGRESSIVE;
				CLANG_CXX_LANGUAGE_STANDARD = "gnu++14";
				CLANG_CXX_LIBRARY = "libc++";
				CLANG_ENABLE_MODULES = YES;
				CLANG_ENABLE_OBJC_ARC = YES;
				CLANG_ENABLE_OBJC_WEAK = YES;
				CLANG_WARN_BLOCK_CAPTURE_AUTORELEASING = YES;
				CLANG_WARN_BOOL_CONVERSION = YES;
				CLANG_WARN_COMMA = YES;
				CLANG_WARN_CONSTANT_CONVERSION = YES;
				CLANG_WARN_DEPRECATED_OBJC_IMPLEMENTATIONS = YES;
				CLANG_WARN_DIRECT_OBJC_ISA_USAGE = YES_ERROR;
				CLANG_WARN_DOCUMENTATION_COMMENTS = YES;
				CLANG_WARN_EMPTY_BODY = YES;
				CLANG_WARN_ENUM_CONVERSION = YES;
				CLANG_WARN_INFINITE_RECURSION = YES;
				CLANG_WARN_INT_CONVERSION = YES;
				CLANG_WARN_NON_LITERAL_NULL_CONVERSION = YES;
				CLANG_WARN_OBJC_IMPLICIT_RETAIN_SELF = YES;
				CLANG_WARN_OBJC_LITERAL_CONVERSION = YES;
				CLANG_WARN_OBJC_ROOT_CLASS = YES_ERROR;
				CLANG_WARN_QUOTED_INCLUDE_IN_FRAMEWORK_HEADER = YES;
				CLANG_WARN_RANGE_LOOP_ANALYSIS = YES;
				CLANG_WARN_STRICT_PROTOTYPES = YES;
				CLANG_WARN_SUSPICIOUS_MOVE = YES;
				CLANG_WARN_UNGUARDED_AVAILABILITY = YES_AGGRESSIVE;
				CLANG_WARN_UNREACHABLE_CODE = YES;
				CLANG_WARN__DUPLICATE_METHOD_MATCH = YES;
				COPY_PHASE_STRIP = NO;
				DEBUG_INFORMATION_FORMAT = "dwarf-with-dsym";
				ENABLE_NS_ASSERTIONS = NO;
				ENABLE_STRICT_OBJC_MSGSEND = YES;
				GCC_C_LANGUAGE_STANDARD = gnu11;
				GCC_NO_COMMON_BLOCKS = YES;
				GCC_WARN_64_TO_32_BIT_CONVERSION = YES;
				GCC_WARN_ABOUT_RETURN_TYPE = YES_ERROR;
				GCC_WARN_UNDECLARED_SELECTOR = YES;
				GCC_WARN_UNINITIALIZED_AUTOS = YES_AGGRESSIVE;
				GCC_WARN_UNUSED_FUNCTION = YES;
				GCC_WARN_UNUSED_VARIABLE = YES;
				IPHONEOS_DEPLOYMENT_TARGET = 14.5;
				MTL_ENABLE_DEBUG_INFO = NO;
				MTL_FAST_MATH = YES;
				SDKROOT = iphoneos;
				SWIFT_COMPILATION_MODE = wholemodule;
				SWIFT_OPTIMIZATION_LEVEL = "-O";
				VALIDATE_PRODUCT = YES;
			};
			name = Release;
		};
		250E0A32265DBA63001646C8 /* Debug */ = {
			isa = XCBuildConfiguration;
			buildSettings = {
				ASSETCATALOG_COMPILER_APPICON_NAME = AppIcon;
				ASSETCATALOG_COMPILER_GLOBAL_ACCENT_COLOR_NAME = AccentColor;
				CODE_SIGN_STYLE = Automatic;
				DEVELOPMENT_TEAM = 4RVDGMAVH9;
				INFOPLIST_FILE = "Mommas Babies/Info.plist";
				LD_RUNPATH_SEARCH_PATHS = (
					"$(inherited)",
					"@executable_path/Frameworks",
				);
				PRODUCT_BUNDLE_IDENTIFIER = "com.EinCORE.Mommas-Babies";
				PRODUCT_NAME = "$(TARGET_NAME)";
				SWIFT_VERSION = 5.0;
				TARGETED_DEVICE_FAMILY = "1,2";
			};
			name = Debug;
		};
		250E0A33265DBA63001646C8 /* Release */ = {
			isa = XCBuildConfiguration;
			buildSettings = {
				ASSETCATALOG_COMPILER_APPICON_NAME = AppIcon;
				ASSETCATALOG_COMPILER_GLOBAL_ACCENT_COLOR_NAME = AccentColor;
				CODE_SIGN_STYLE = Automatic;
				DEVELOPMENT_TEAM = 4RVDGMAVH9;
				INFOPLIST_FILE = "Mommas Babies/Info.plist";
				LD_RUNPATH_SEARCH_PATHS = (
					"$(inherited)",
					"@executable_path/Frameworks",
				);
				PRODUCT_BUNDLE_IDENTIFIER = "com.EinCORE.Mommas-Babies";
				PRODUCT_NAME = "$(TARGET_NAME)";
				SWIFT_VERSION = 5.0;
				TARGETED_DEVICE_FAMILY = "1,2";
			};
			name = Release;
		};
/* End XCBuildConfiguration section */

/* Begin XCConfigurationList section */
		250E0A18265DBA61001646C8 /* Build configuration list for PBXProject "Mommas Babies" */ = {
			isa = XCConfigurationList;
			buildConfigurations = (
				250E0A2F265DBA63001646C8 /* Debug */,
				250E0A30265DBA63001646C8 /* Release */,
			);
			defaultConfigurationIsVisible = 0;
			defaultConfigurationName = Release;
		};
		250E0A31265DBA63001646C8 /* Build configuration list for PBXNativeTarget "Mommas Babies" */ = {
			isa = XCConfigurationList;
			buildConfigurations = (
				250E0A32265DBA63001646C8 /* Debug */,
				250E0A33265DBA63001646C8 /* Release */,
			);
			defaultConfigurationIsVisible = 0;
			defaultConfigurationName = Release;
		};
/* End XCConfigurationList section */
	};
	rootObject = 250E0A15265DBA61001646C8 /* Project object */;
}
